
Microsoft Visual Studio Solution File, Format Version 12.00
# Visual Studio 14
VisualStudioVersion = 14.0.25420.1
MinimumVisualStudioVersion = 10.0.40219.1
Project("{FAE04EC0-301F-11D3-BF4B-00C04F79EFBC}") = "tcxcombine", "tcxcombine\tcxcombine.csproj", "{24EE15AA-D451-4F5F-8175-195E3BE5A47B}"
EndProject
Project("{FAE04EC0-301F-11D3-BF4B-00C04F79EFBC}") = "tcxengine", "tcxengine\tcxengine.csproj", "{813C73C8-8395-46D1-812E-D524FE05A37B}"
EndProject
Project("{FAE04EC0-301F-11D3-BF4B-00C04F79EFBC}") = "TcxUnitTest", "TcxUnitTest\TcxUnitTest.csproj", "{FFCB3F13-0F53-41C8-BA7E-BAACCE057B79}"
EndProject
Global
	GlobalSection(SolutionConfigurationPlatforms) = preSolution
		Debug|Any CPU = Debug|Any CPU
		Release|Any CPU = Release|Any CPU
	EndGlobalSection
	GlobalSection(ProjectConfigurationPlatforms) = postSolution
		{24EE15AA-D451-4F5F-8175-195E3BE5A47B}.Debug|Any CPU.ActiveCfg = Debug|Any CPU
		{24EE15AA-D451-4F5F-8175-195E3BE5A47B}.Debug|Any CPU.Build.0 = Debug|Any CPU
		{24EE15AA-D451-4F5F-8175-195E3BE5A47B}.Release|Any CPU.ActiveCfg = Release|Any CPU
		{24EE15AA-D451-4F5F-8175-195E3BE5A47B}.Release|Any CPU.Build.0 = Release|Any CPU
		{813C73C8-8395-46D1-812E-D524FE05A37B}.Debug|Any CPU.ActiveCfg = Debug|Any CPU
		{813C73C8-8395-46D1-812E-D524FE05A37B}.Debug|Any CPU.Build.0 = Debug|Any CPU
		{813C73C8-8395-46D1-812E-D524FE05A37B}.Release|Any CPU.ActiveCfg = Release|Any CPU
		{813C73C8-8395-46D1-812E-D524FE05A37B}.Release|Any CPU.Build.0 = Release|Any CPU
		{FFCB3F13-0F53-41C8-BA7E-BAACCE057B79}.Debug|Any CPU.ActiveCfg = Debug|Any CPU
		{FFCB3F13-0F53-41C8-BA7E-BAACCE057B79}.Debug|Any CPU.Build.0 = Debug|Any CPU
		{FFCB3F13-0F53-41C8-BA7E-BAACCE057B79}.Release|Any CPU.ActiveCfg = Release|Any CPU
		{FFCB3F13-0F53-41C8-BA7E-BAACCE057B79}.Release|Any CPU.Build.0 = Release|Any CPU
	EndGlobalSection
	GlobalSection(SolutionProperties) = preSolution
		HideSolutionNode = FALSE
	EndGlobalSection
EndGlobal
